github.com/anchore/go-lzo v0.1.0 h1:NgAacnzqPeGH49Ky19QKLBZEuFRqtTG9cdaucc3Vncs=
github.com/anchore/go-lzo v0.1.0/go.mod h1:3kLx0bve2oN1iDwgM1U5zGku1Tfbdb0No5qp1eL1fIk=
github.com/go-filesystems/detect v0.1.0 h1:DCiR5lLKFJ/kon8wKs1ueG1hX27wJaIHqym+Ai0Y/pU=
github.com/go-filesystems/detect v0.1.0/go.mod h1:OCGE1O8l2Z41PODXWkuJOin83ooqHWh439jSpOGWb/Q=
github.com/go-filesystems/exfat v0.3.0 h1:q4QsEG/gf91JlrPumHv84g4DKeTdIZe77aP5ZLeVWFQ=
github.com/go-filesystems/exfat v0.3.0/go.mod h1:OR/R6YN56XmtfXDq0+kFlWnupAEggpVHJ1X0M42xyJA=
github.com/go-filesystems/ext4 v0.2.0 h1:eQGvpY9xyl9VyxojtHrM6NPGQH+RC0m7axgqv1Bj2uc=
github.com/go-filesystems/ext4 v0.2.0/go.mod h1:apCj4bVXNWFPRvna7d+sBBnMJCYftk7C4OgfSRCcykQ=
github.com/go-filesystems/fat32 v0.3.0 h1:lq2nFNXTI6wLOKtSA2SDQgbHNzgN9mMdElrcwsgwQrE=
github.com/go-filesystems/fat32 v0.3.0/go.mod h1:twfQw/efVJW0ccGZoaxW3HXJG0RSM8xKsBUG1PIIWAQ=
github.com/go-filesystems/hfsplus v0.2.0 h1:1Frva1D3wOzgUPdx/vpBU+h+QU6n+Op1EMNOZmWsH2U=
github.com/go-filesystems/hfsplus v0.2.0/go.mod h1:DMXqQLSl8Nk3XhpV7pmlzCzwmBXTsrCLMH02CG6Q3mE=
github.com/go-filesystems/interface v0.3.0 h1:cV4+2mvW1eCPyde+KIDRaGuIPAcr2sDgKrxGuGQr98k=
github.com/go-filesystems/interface v0.3.0/go.mod h1:9MDfHNNKg9cW1qBa3hmURQj4jiWIdTo9Xpgdt8ZzvV8=
github.com/go-filesystems/iso9660 v0.2.0 h1:FQQab0nlSXZhFi+JiOInTrDO/HkooHkF2TkXSYJsCxw=
github.com/go-filesystems/iso9660 v0.2.0/go.mod h1:v5eLsUw/gJeW4NH26C4l++M4kl4YTTsaemj23ca3YXs=
github.com/go-filesystems/ntfs v0.1.0 h1:4sTbN163JR+DFoufAWWiPTwZZJDwnRco9B/YnhpQ5c0=
github.com/go-filesystems/ntfs v0.1.0/go.mod h1:JM8AOM9DWPFKvArAtpEHwB/lgSQD09bdVKDcJpfDSUk=
github.com/go-filesystems/squashfs v0.2.1 h1:LPByqrhpHTtwb3SW3XqdJS4bOKy/t1V2wFSAcep6Tgo=
github.com/go-filesystems/squashfs v0.2.1/go.mod h1:TAelo6yjZm4hPfHlwcxiKl0UWVkb4EQxYyP//9klRF8=
github.com/go-volumes/gpt v0.0.0-20260622072431-e1d6ba3b531c h1:dpQtmDhaRvMiaQWByqrS2VY9yG75d4sdy6BOxbUZM1s=
github.com/go-volumes/gpt v0.0.0-20260622072431-e1d6ba3b531c/go.mod h1:eBAzPkLd8zHkg3WiYGk70M4g6PYY8S5K4JP+kEMs0mw=
github.com/go-volumes/safeio v0.0.0-20260831125406-d8f54b2890d4 h1:RKO58FmZvbvKh6wf+7Y8gohGJ0/2hq4N8L+x2kT9bak=
github.com/go-volumes/safeio v0.0.0-20260831125406-d8f54b2890d4/go.mod h1:QQdGwEUmPSdzD+OPq+ZcKso9ljssqgBXNk0/9z7moho=
github.com/klauspost/compress v1.17.9 h1:6KIumPrER1LHsvBVuDa0r5xaG0Es51mhhB9BQB2qeMA=
github.com/klauspost/compress v1.17.9/go.mod h1:Di0epgTjJY877eYKx5yC51cX2A2Vl2ibi7bDH9ttBbw=
github.com/pierrec/lz4/v4 v4.1.22 h1:cKFw6uJDK+/gfw5BcDL0JL5aBsAFdsIT18eRtLj7VIU=
github.com/pierrec/lz4/v4 v4.1.22/go.mod h1:gZWDp/Ze/IJXGXf23ltt2EXimqmTUXEy0GFuRQyBid4=
github.com/ulikunitz/xz v0.5.12 h1:37Nm15o69RwBkXM0J6A5OlE67RZTfzUxTj8fB3dfcsc=
github.com/ulikunitz/xz v0.5.12/go.mod h1:nbz6k7qbPmH4IRqmfOplQw/tblSgqTqBwxkY0oWt/14=
